
Microsoft Visual Studio Solution File, Format Version 12.00
# Visual Studio Version 17
VisualStudioVersion = 17.9.34723.18
MinimumVisualStudioVersion = 10.0.40219.1
Project("{9A19103F-16F7-4668-BE54-9A1E7A4F7556}") = "Order.API", "Order.API\Order.API.csproj", "{9F1413E4-352D-445C-A505-70B70E49ECEE}"
EndProject
Project("{9A19103F-16F7-4668-BE54-9A1E7A4F7556}") = "Stock.API", "Stock.API\Stock.API.csproj", "{2F6EA554-8719-4AA0-BA19-827F767AA654}"
EndProject
Project("{9A19103F-16F7-4668-BE54-9A1E7A4F7556}") = "Payment.API", "Payment.API\Payment.API.csproj", "{D9FD566D-7ECA-41CC-8B49-90FB769BEA5D}"
EndProject
Project("{9A19103F-16F7-4668-BE54-9A1E7A4F7556}") = "Shared", "Shared\Shared.csproj", "{1A234D39-DED5-4D16-A573-A0736C409EC8}"
EndProject
Project("{FAE04EC0-301F-11D3-BF4B-00C04F79EFBC}") = "Orchestrator.Service", "Orchestrator.Service\Orchestrator.Service.csproj", "{C5E01248-0946-4D0B-AC6B-858D35BFF513}"
EndProject
Global
	GlobalSection(SolutionConfigurationPlatforms) = preSolution
		Debug|Any CPU = Debug|Any CPU
		Release|Any CPU = Release|Any CPU
	EndGlobalSection
	GlobalSection(ProjectConfigurationPlatforms) = postSolution
		{9F1413E4-352D-445C-A505-70B70E49ECEE}.Debug|Any CPU.ActiveCfg = Debug|Any CPU
		{9F1413E4-352D-445C-A505-70B70E49ECEE}.Debug|Any CPU.Build.0 = Debug|Any CPU
		{9F1413E4-352D-445C-A505-70B70E49ECEE}.Release|Any CPU.ActiveCfg = Release|Any CPU
		{9F1413E4-352D-445C-A505-70B70E49ECEE}.Release|Any CPU.Build.0 = Release|Any CPU
		{2F6EA554-8719-4AA0-BA19-827F767AA654}.Debug|Any CPU.ActiveCfg = Debug|Any CPU
		{2F6EA554-8719-4AA0-BA19-827F767AA654}.Debug|Any CPU.Build.0 = Debug|Any CPU
		{2F6EA554-8719-4AA0-BA19-827F767AA654}.Release|Any CPU.ActiveCfg = Release|Any CPU
		{2F6EA554-8719-4AA0-BA19-827F767AA654}.Release|Any CPU.Build.0 = Release|Any CPU
		{D9FD566D-7ECA-41CC-8B49-90FB769BEA5D}.Debug|Any CPU.ActiveCfg = Debug|Any CPU
		{D9FD566D-7ECA-41CC-8B49-90FB769BEA5D}.Debug|Any CPU.Build.0 = Debug|Any CPU
		{D9FD566D-7ECA-41CC-8B49-90FB769BEA5D}.Release|Any CPU.ActiveCfg = Release|Any CPU
		{D9FD566D-7ECA-41CC-8B49-90FB769BEA5D}.Release|Any CPU.Build.0 = Release|Any CPU
		{1A234D39-DED5-4D16-A573-A0736C409EC8}.Debug|Any CPU.ActiveCfg = Debug|Any CPU
		{1A234D39-DED5-4D16-A573-A0736C409EC8}.Debug|Any CPU.Build.0 = Debug|Any CPU
		{1A234D39-DED5-4D16-A573-A0736C409EC8}.Release|Any CPU.ActiveCfg = Release|Any CPU
		{1A234D39-DED5-4D16-A573-A0736C409EC8}.Release|Any CPU.Build.0 = Release|Any CPU
		{C5E01248-0946-4D0B-AC6B-858D35BFF513}.Debug|Any CPU.ActiveCfg = Debug|Any CPU
		{C5E01248-0946-4D0B-AC6B-858D35BFF513}.Debug|Any CPU.Build.0 = Debug|Any CPU
		{C5E01248-0946-4D0B-AC6B-858D35BFF513}.Release|Any CPU.ActiveCfg = Release|Any CPU
		{C5E01248-0946-4D0B-AC6B-858D35BFF513}.Release|Any CPU.Build.0 = Release|Any CPU
	EndGlobalSection
	GlobalSection(SolutionProperties) = preSolution
		HideSolutionNode = FALSE
	EndGlobalSection
	GlobalSection(ExtensibilityGlobals) = postSolution
		SolutionGuid = {18C9EEE9-3FC0-46B7-9436-B5563CEF0E3C}
	EndGlobalSection
EndGlobal
